// !$*UTF8*$!
{
	archiveVersion = 1;
	classes = {
	};
	objectVersion = 77;
	objects = {

/* Begin PBXBuildFile section */
		618E7CBB2F7D632D002A7976 /* FirebaseAuth in Frameworks */ = {isa = PBXBuildFile; productRef = 618E7CBA2F7D632D002A7976 /* FirebaseAuth */; };
		618E7CBD2F7D632D002A7976 /* FirebaseFirestore in Frameworks */ = {isa = PBXBuildFile; productRef = 618E7CBC2F7D632D002A7976 /* FirebaseFirestore */; };
		618E7CBF2F7D632D002A7976 /* FirebaseStorage in Frameworks */ = {isa = PBXBuildFile; productRef = 618E7CBE2F7D632D002A7976 /* FirebaseStorage */; };
		618E7CC22F7D6367002A7976 /* Kingfisher in Frameworks */ = {isa = PBXBuildFile; productRef = 618E7CC12F7D6367002A7976 /* Kingfisher */; };
/* End PBXBuildFile section */

/* Begin PBXContainerItemProxy section */
		614A7B172F7C5389006E878E /* PBXContainerItemProxy */ = {
			isa = PBXContainerItemProxy;
			containerPortal = 614A7B012F7C5388006E878E /* Project object */;
			proxyType = 1;
			remoteGlobalIDString = 614A7B082F7C5388006E878E;
			remoteInfo = UniversityMarketplace;
		};
		614A7B212F7C5389006E878E /* PBXContainerItemProxy */ = {
			isa = PBXContainerItemProxy;
			containerPortal = 614A7B012F7C5388006E878E /* Project object */;
			proxyType = 1;
			remoteGlobalIDString = 614A7B082F7C5388006E878E;
			remoteInfo = UniversityMarketplace;
		};
/* End PBXContainerItemProxy section */

/* Begin PBXFileReference section */
		614A7B092F7C5388006E878E /* UniversityMarketplace.app */ = {isa = PBXFileReference; explicitFileType = wrapper.application; includeInIndex = 0; path = UniversityMarketplace.app; sourceTree = BUILT_PRODUCTS_DIR; };
		614A7B162F7C5389006E878E /* UniversityMarketplaceTests.xctest */ = {isa = PBXFileReference; explicitFileType = wrapper.cfbundle; includeInIndex = 0; path = UniversityMarketplaceTests.xctest; sourceTree = BUILT_PRODUCTS_DIR; };
		614A7B202F7C5389006E878E /* UniversityMarketplaceUITests.xctest */ = {isa = PBXFileReference; explicitFileType = wrapper.cfbundle; includeInIndex = 0; path = UniversityMarketplaceUITests.xctest; sourceTree = BUILT_PRODUCTS_DIR; };
/* End PBXFileReference section */

/* Begin PBXFileSystemSynchronizedRootGroup section */
		614A7B0B2F7C5388006E878E /* UniversityMarketplace */ = {
			isa = PBXFileSystemSynchronizedRootGroup;
			path = UniversityMarketplace;
			sourceTree = "<group>";
		};
		614A7B192F7C5389006E878E /* UniversityMarketplaceTests */ = {
			isa = PBXFileSystemSynchronizedRootGroup;
			path = UniversityMarketplaceTests;
			sourceTree = "<group>";
		};
		614A7B232F7C5389006E878E /* UniversityMarketplaceUITests */ = {
			isa = PBXFileSystemSynchronizedRootGroup;
			path = UniversityMarketplaceUITests;
			sourceTree = "<group>";
		};
/* End PBXFileSystemSynchronizedRootGroup section */

/* Begin PBXFrameworksBuildPhase section */
		614A7B062F7C5388006E878E /* Frameworks */ = {
			isa = PBXFrameworksBuildPhase;
			buildActionMask = 2147483647;
			files = (
				618E7CC22F7D6367002A7976 /* Kingfisher in Frameworks */,
				618E7CBB2F7D632D002A7976 /* FirebaseAuth in Frameworks */,
				618E7CBD2F7D632D002A7976 /* FirebaseFirestore in Frameworks */,
				618E7CBF2F7D632D002A7976 /* FirebaseStorage in Frameworks */,
			);
			runOnlyForDeploymentPostprocessing = 0;
		};
		614A7B132F7C5389006E878E /* Frameworks */ = {
			isa = PBXFrameworksBuildPhase;
			buildActionMask = 2147483647;
			files = (
			);
			runOnlyForDeploymentPostprocessing = 0;
		};
		614A7B1D2F7C5389006E878E /* Frameworks */ = {
			isa = PBXFrameworksBuildPhase;
			buildActionMask = 2147483647;
			files = (
			);
			runOnlyForDeploymentPostprocessing = 0;
		};
/* End PBXFrameworksBuildPhase section */

/* Begin PBXGroup section */
		614A7B002F7C5388006E878E = {
			isa = PBXGroup;
			children = (
				614A7B0B2F7C5388006E878E /* UniversityMarketplace */,
				614A7B192F7C5389006E878E /* UniversityMarketplaceTests */,
				614A7B232F7C5389006E878E /* UniversityMarketplaceUITests */,
				614A7B0A2F7C5388006E878E /* Products */,
			);
			sourceTree = "<group>";
		};
		614A7B0A2F7C5388006E878E /* Products */ = {
			isa = PBXGroup;
			children = (
				614A7B092F7C5388006E878E /* UniversityMarketplace.app */,
				614A7B162F7C5389006E878E /* UniversityMarketplaceTests.xctest */,
				614A7B202F7C5389006E878E /* UniversityMarketplaceUITests.xctest */,
			);
			name = Products;
			sourceTree = "<group>";
		};
/* End PBXGroup section */

/* Begin PBXNativeTarget section */
		614A7B082F7C5388006E878E /* UniversityMarketplace */ = {
			isa = PBXNativeTarget;
			buildConfigurationList = 614A7B2A2F7C5389006E878E /* Build configuration list for PBXNativeTarget "UniversityMarketplace" */;
			buildPhases = (
				614A7B052F7C5388006E878E /* Sources */,
				614A7B062F7C5388006E878E /* Frameworks */,
				614A7B072F7C5388006E878E /* Resources */,
			);
			buildRules = (
			);
			dependencies = (
			);
			fileSystemSynchronizedGroups = (
				614A7B0B2F7C5388006E878E /* UniversityMarketplace */,
			);
			name = UniversityMarketplace;
			packageProductDependencies = (
				618E7CBA2F7D632D002A7976 /* FirebaseAuth */,
				618E7CBC2F7D632D002A7976 /* FirebaseFirestore */,
				618E7CBE2F7D632D002A7976 /* FirebaseStorage */,
				618E7CC12F7D6367002A7976 /* Kingfisher */,
			);
			productName = UniversityMarketplace;
			productReference = 614A7B092F7C5388006E878E /* UniversityMarketplace.app */;
			productType = "com.apple.product-type.application";
		};
		614A7B152F7C5389006E878E /* UniversityMarketplaceTests */ = {
			isa = PBXNativeTarget;
			buildConfigurationList = 614A7B2D2F7C5389006E878E /* Build configuration list for PBXNativeTarget "UniversityMarketplaceTests" */;
			buildPhases = (
				614A7B122F7C5389006E878E /* Sources */,
				614A7B132F7C5389006E878E /* Frameworks */,
				614A7B142F7C5389006E878E /* Resources */,
			);
			buildRules = (
			);
			dependencies = (
				614A7B182F7C5389006E878E /* PBXTargetDependency */,
			);
			fileSystemSynchronizedGroups = (
				614A7B192F7C5389006E878E /* UniversityMarketplaceTests */,
			);
			name = UniversityMarketplaceTests;
			packageProductDependencies = (
			);
			productName = UniversityMarketplaceTests;
			productReference = 614A7B162F7C5389006E878E /* UniversityMarketplaceTests.xctest */;
			productType = "com.apple.product-type.bundle.unit-test";
		};
		614A7B1F2F7C5389006E878E /* UniversityMarketplaceUITests */ = {
			isa = PBXNativeTarget;
			buildConfigurationList = 614A7B302F7C5389006E878E /* Build configuration list for PBXNativeTarget "UniversityMarketplaceUITests" */;
			buildPhases = (
				614A7B1C2F7C5389006E878E /* Sources */,
				614A7B1D2F7C5389006E878E /* Frameworks */,
				614A7B1E2F7C5389006E878E /* Resources */,
			);
			buildRules = (
			);
			dependencies = (
				614A7B222F7C5389006E878E /* PBXTargetDependency */,
			);
			fileSystemSynchronizedGroups = (
				614A7B232F7C5389006E878E /* UniversityMarketplaceUITests */,
			);
			name = UniversityMarketplaceUITests;
			packageProductDependencies = (
			);
			productName = UniversityMarketplaceUITests;
			productReference = 614A7B202F7C5389006E878E /* UniversityMarketplaceUITests.xctest */;
			productType = "com.apple.product-type.bundle.ui-testing";
		};
/* End PBXNativeTarget section */

/* Begin PBXProject section */
		614A7B012F7C5388006E878E /* Project object */ = {
			isa = PBXProject;
			attributes = {
				BuildIndependentTargetsInParallel = 1;
				LastSwiftUpdateCheck = 2600;
				LastUpgradeCheck = 2600;
				TargetAttributes = {
					614A7B082F7C5388006E878E = {
						CreatedOnToolsVersion = 26.0;
					};
					614A7B152F7C5389006E878E = {
						CreatedOnToolsVersion = 26.0;
						TestTargetID = 614A7B082F7C5388006E878E;
					};
					614A7B1F2F7C5389006E878E = {
						CreatedOnToolsVersion = 26.0;
						TestTargetID = 614A7B082F7C5388006E878E;
					};
				};
			};
			buildConfigurationList = 614A7B042F7C5388006E878E /* Build configuration list for PBXProject "UniversityMarketplace" */;
			developmentRegion = en;
			hasScannedForEncodings = 0;
			knownRegions = (
				en,
				Base,
			);
			mainGroup = 614A7B002F7C5388006E878E;
			minimizedProjectReferenceProxies = 1;
			packageReferences = (
				618E7CB92F7D632D002A7976 /* XCRemoteSwiftPackageReference "firebase-ios-sdk" */,
				618E7CC02F7D6367002A7976 /* XCRemoteSwiftPackageReference "Kingfisher" */,
			);
			preferredProjectObjectVersion = 77;
			productRefGroup = 614A7B0A2F7C5388006E878E /* Products */;
			projectDirPath = "";
			projectRoot = "";
			targets = (
				614A7B082F7C5388006E878E /* UniversityMarketplace */,
				614A7B152F7C5389006E878E /* UniversityMarketplaceTests */,
				614A7B1F2F7C5389006E878E /* UniversityMarketplaceUITests */,
			);
		};
/* End PBXProject section */

/* Begin PBXResourcesBuildPhase section */
		614A7B072F7C5388006E878E /* Resources */ = {
			isa = PBXResourcesBuildPhase;
			buildActionMask = 2147483647;
			files = (
			);
			runOnlyForDeploymentPostprocessing = 0;
		};
		614A7B142F7C5389006E878E /* Resources */ = {
			isa = PBXResourcesBuildPhase;
			buildActionMask = 2147483647;
			files = (
			);
			runOnlyForDeploymentPostprocessing = 0;
		};
		614A7B1E2F7C5389006E878E /* Resources */ = {
			isa = PBXResourcesBuildPhase;
			buildActionMask = 2147483647;
			files = (
			);
			runOnlyForDeploymentPostprocessing = 0;
		};
/* End PBXResourcesBuildPhase section */

/* Begin PBXSourcesBuildPhase section */
		614A7B052F7C5388006E878E /* Sources */ = {
			isa = PBXSourcesBuildPhase;
			buildActionMask = 2147483647;
			files = (
			);
			runOnlyForDeploymentPostprocessing = 0;
		};
		614A7B122F7C5389006E878E /* Sources */ = {
			isa = PBXSourcesBuildPhase;
			buildActionMask = 2147483647;
			files = (
			);
			runOnlyForDeploymentPostprocessing = 0;
		};
		614A7B1C2F7C5389006E878E /* Sources */ = {
			isa = PBXSourcesBuildPhase;
			buildActionMask = 2147483647;
			files = (
			);
			runOnlyForDeploymentPostprocessing = 0;
		};
/* End PBXSourcesBuildPhase section */

/* Begin PBXTargetDependency section */
		614A7B182F7C5389006E878E /* PBXTargetDependency */ = {
			isa = PBXTargetDependency;
			target = 614A7B082F7C5388006E878E /* UniversityMarketplace */;
			targetProxy = 614A7B172F7C5389006E878E /* PBXContainerItemProxy */;
		};
		614A7B222F7C5389006E878E /* PBXTargetDependency */ = {
			isa = PBXTargetDependency;
			target = 614A7B082F7C5388006E878E /* UniversityMarketplace */;
			targetProxy = 614A7B212F7C5389006E878E /* PBXContainerItemProxy */;
		};
/* End PBXTargetDependency section */

/* Begin XCBuildConfiguration section */
		614A7B282F7C5389006E878E /* Debug */ = {
			isa = XCBuildConfiguration;
			buildSettings = {
				ALWAYS_SEARCH_USER_PATHS = NO;
				ASSETCATALOG_COMPILER_GENERATE_SWIFT_ASSET_SYMBOL_EXTENSIONS = YES;
				CLANG_ANALYZER_NONNULL = YES;
				CLANG_ANALYZER_NUMBER_OBJECT_CONVERSION = YES_AGGRESSIVE;
				CLANG_CXX_LANGUAGE_STANDARD = "gnu++20";
				CLANG_ENABLE_MODULES = YES;
				CLANG_ENABLE_OBJC_ARC = YES;
				CLANG_ENABLE_OBJC_WEAK = YES;
				CLANG_WARN_BLOCK_CAPTURE_AUTORELEASING = YES;
				CLANG_WARN_BOOL_CONVERSION = YES;
				CLANG_WARN_COMMA = YES;
				CLANG_WARN_CONSTANT_CONVERSION = YES;
				CLANG_WARN_DEPRECATED_OBJC_IMPLEMENTATIONS = YES;
				CLANG_WARN_DIRECT_OBJC_ISA_USAGE = YES_ERROR;
				CLANG_WARN_DOCUMENTATION_COMMENTS = YES;
				CLANG_WARN_EMPTY_BODY = YES;
				CLANG_WARN_ENUM_CONVERSION = YES;
				CLANG_WARN_INFINITE_RECURSION = YES;
				CLANG_WARN_INT_CONVERSION = YES;
				CLANG_WARN_NON_LITERAL_NULL_CONVERSION = YES;
				CLANG_WARN_OBJC_IMPLICIT_RETAIN_SELF = YES;
				CLANG_WARN_OBJC_LITERAL_CONVERSION = YES;
				CLANG_WARN_OBJC_ROOT_CLASS = YES_ERROR;
				CLANG_WARN_QUOTED_INCLUDE_IN_FRAMEWORK_HEADER = YES;
				CLANG_WARN_RANGE_LOOP_ANALYSIS = YES;
				CLANG_WARN_STRICT_PROTOTYPES = YES;
				CLANG_WARN_SUSPICIOUS_MOVE = YES;
				CLANG_WARN_UNGUARDED_AVAILABILITY = YES_AGGRESSIVE;
				CLANG_WARN_UNREACHABLE_CODE = YES;
				CLANG_WARN__DUPLICATE_METHOD_MATCH = YES;
				COPY_PHASE_STRIP = NO;
				DEBUG_INFORMATION_FORMAT = dwarf;
				ENABLE_STRICT_OBJC_MSGSEND = YES;
				ENABLE_TESTABILITY = YES;
				ENABLE_USER_SCRIPT_SANDBOXING = YES;
				GCC_C_LANGUAGE_STANDARD = gnu17;
				GCC_DYNAMIC_NO_PIC = NO;
				GCC_NO_COMMON_BLOCKS = YES;
				GCC_OPTIMIZATION_LEVEL = 0;
				GCC_PREPROCESSOR_DEFINITIONS = (
					"DEBUG=1",
					"$(inherited)",
				);
				GCC_WARN_64_TO_32_BIT_CONVERSION = YES;
				GCC_WARN_ABOUT_RETURN_TYPE = YES_ERROR;
				GCC_WARN_UNDECLARED_SELECTOR = YES;
				GCC_WARN_UNINITIALIZED_AUTOS = YES_AGGRESSIVE;
				GCC_WARN_UNUSED_FUNCTION = YES;
				GCC_WARN_UNUSED_VARIABLE = YES;
				IPHONEOS_DEPLOYMENT_TARGET = 26.0;
				LOCALIZATION_PREFERS_STRING_CATALOGS = YES;
				MTL_ENABLE_DEBUG_INFO = INCLUDE_SOURCE;
				MTL_FAST_MATH = YES;
				ONLY_ACTIVE_ARCH = YES;
				SDKROOT = iphoneos;
				SWIFT_ACTIVE_COMPILATION_CONDITIONS = "DEBUG $(inherited)";
				SWIFT_OPTIMIZATION_LEVEL = "-Onone";
			};
			name = Debug;
		};
		614A7B292F7C5389006E878E /* Release */ = {
			isa = XCBuildConfiguration;
			buildSettings = {
				ALWAYS_SEARCH_USER_PATHS = NO;
				ASSETCATALOG_COMPILER_GENERATE_SWIFT_ASSET_SYMBOL_EXTENSIONS = YES;
				CLANG_ANALYZER_NONNULL = YES;
				CLANG_ANALYZER_NUMBER_OBJECT_CONVERSION = YES_AGGRESSIVE;
				CLANG_CXX_LANGUAGE_STANDARD = "gnu++20";
				CLANG_ENABLE_MODULES = YES;
				CLANG_ENABLE_OBJC_ARC = YES;
				CLANG_ENABLE_OBJC_WEAK = YES;
				CLANG_WARN_BLOCK_CAPTURE_AUTORELEASING = YES;
				CLANG_WARN_BOOL_CONVERSION = YES;
				CLANG_WARN_COMMA = YES;
				CLANG_WARN_CONSTANT_CONVERSION = YES;
				CLANG_WARN_DEPRECATED_OBJC_IMPLEMENTATIONS = YES;
				CLANG_WARN_DIRECT_OBJC_ISA_USAGE = YES_ERROR;
				CLANG_WARN_DOCUMENTATION_COMMENTS = YES;
				CLANG_WARN_EMPTY_BODY = YES;
				CLANG_WARN_ENUM_CONVERSION = YES;
				CLANG_WARN_INFINITE_RECURSION = YES;
				CLANG_WARN_INT_CONVERSION = YES;
				CLANG_WARN_NON_LITERAL_NULL_CONVERSION = YES;
				CLANG_WARN_OBJC_IMPLICIT_RETAIN_SELF = YES;
				CLANG_WARN_OBJC_LITERAL_CONVERSION = YES;
				CLANG_WARN_OBJC_ROOT_CLASS = YES_ERROR;
				CLANG_WARN_QUOTED_INCLUDE_IN_FRAMEWORK_HEADER = YES;
				CLANG_WARN_RANGE_LOOP_ANALYSIS = YES;
				CLANG_WARN_STRICT_PROTOTYPES = YES;
				CLANG_WARN_SUSPICIOUS_MOVE = YES;
				CLANG_WARN_UNGUARDED_AVAILABILITY = YES_AGGRESSIVE;
				CLANG_WARN_UNREACHABLE_CODE = YES;
				CLANG_WARN__DUPLICATE_METHOD_MATCH = YES;
				COPY_PHASE_STRIP = NO;
				DEBUG_INFORMATION_FORMAT = "dwarf-with-dsym";
				ENABLE_NS_ASSERTIONS = NO;
				ENABLE_STRICT_OBJC_MSGSEND = YES;
				ENABLE_USER_SCRIPT_SANDBOXING = YES;
				GCC_C_LANGUAGE_STANDARD = gnu17;
				GCC_NO_COMMON_BLOCKS = YES;
				GCC_WARN_64_TO_32_BIT_CONVERSION = YES;
				GCC_WARN_ABOUT_RETURN_TYPE = YES_ERROR;
				GCC_WARN_UNDECLARED_SELECTOR = YES;
				GCC_WARN_UNINITIALIZED_AUTOS = YES_AGGRESSIVE;
				GCC_WARN_UNUSED_FUNCTION = YES;
				GCC_WARN_UNUSED_VARIABLE = YES;
				IPHONEOS_DEPLOYMENT_TARGET = 26.0;
				LOCALIZATION_PREFERS_STRING_CATALOGS = YES;
				MTL_ENABLE_DEBUG_INFO = NO;
				MTL_FAST_MATH = YES;
				SDKROOT = iphoneos;
				SWIFT_COMPILATION_MODE = wholemodule;
				VALIDATE_PRODUCT = YES;
			};
			name = Release;
		};
		614A7B2B2F7C5389006E878E /* Debug */ = {
			isa = XCBuildConfiguration;
			buildSettings = {
				ASSETCATALOG_COMPILER_APPICON_NAME = AppIcon;
				ASSETCATALOG_COMPILER_GLOBAL_ACCENT_COLOR_NAME = AccentColor;
				CODE_SIGN_STYLE = Automatic;
				CURRENT_PROJECT_VERSION = 1;
				DEVELOPMENT_TEAM = 6T6ST4883J;
				ENABLE_PREVIEWS = YES;
				GENERATE_INFOPLIST_FILE = YES;
				INFOPLIST_KEY_UIApplicationSceneManifest_Generation = YES;
				INFOPLIST_KEY_UIApplicationSupportsIndirectInputEvents = YES;
				INFOPLIST_KEY_UILaunchScreen_Generation = YES;
				INFOPLIST_KEY_UISupportedInterfaceOrientations_iPad = "UIInterfaceOrientationPortrait UIInterfaceOrientationPortraitUpsideDown UIInterfaceOrientationLandscapeLeft UIInterfaceOrientationLandscapeRight";
				INFOPLIST_KEY_UISupportedInterfaceOrientations_iPhone = "UIInterfaceOrientationPortrait UIInterfaceOrientationLandscapeLeft UIInterfaceOrientationLandscapeRight";
				LD_RUNPATH_SEARCH_PATHS = (
					"$(inherited)",
					"@executable_path/Frameworks",
				);
				MARKETING_VERSION = 1.0;
				PRODUCT_BUNDLE_IDENTIFIER = river.UniversityMarketplace;
				PRODUCT_NAME = "$(TARGET_NAME)";
				STRING_CATALOG_GENERATE_SYMBOLS = YES;
				SWIFT_APPROACHABLE_CONCURRENCY = YES;
				SWIFT_DEFAULT_ACTOR_ISOLATION = MainActor;
				SWIFT_EMIT_LOC_STRINGS = YES;
				SWIFT_UPCOMING_FEATURE_MEMBER_IMPORT_VISIBILITY = YES;
				SWIFT_VERSION = 5.0;
				TARGETED_DEVICE_FAMILY = "1,2";
			};
			name = Debug;
		};
		614A7B2C2F7C5389006E878E /* Release */ = {
			isa = XCBuildConfiguration;
			buildSettings = {
				ASSETCATALOG_COMPILER_APPICON_NAME = AppIcon;
				ASSETCATALOG_COMPILER_GLOBAL_ACCENT_COLOR_NAME = AccentColor;
				CODE_SIGN_STYLE = Automatic;
				CURRENT_PROJECT_VERSION = 1;
				DEVELOPMENT_TEAM = 6T6ST4883J;
				ENABLE_PREVIEWS = YES;
				GENERATE_INFOPLIST_FILE = YES;
				INFOPLIST_KEY_UIApplicationSceneManifest_Generation = YES;
				INFOPLIST_KEY_UIApplicationSupportsIndirectInputEvents = YES;
				INFOPLIST_KEY_UILaunchScreen_Generation = YES;
				INFOPLIST_KEY_UISupportedInterfaceOrientations_iPad = "UIInterfaceOrientationPortrait UIInterfaceOrientationPortraitUpsideDown UIInterfaceOrientationLandscapeLeft UIInterfaceOrientationLandscapeRight";
				INFOPLIST_KEY_UISupportedInterfaceOrientations_iPhone = "UIInterfaceOrientationPortrait UIInterfaceOrientationLandscapeLeft UIInterfaceOrientationLandscapeRight";
				LD_RUNPATH_SEARCH_PATHS = (
					"$(inherited)",
					"@executable_path/Frameworks",
				);
				MARKETING_VERSION = 1.0;
				PRODUCT_BUNDLE_IDENTIFIER = river.UniversityMarketplace;
				PRODUCT_NAME = "$(TARGET_NAME)";
				STRING_CATALOG_GENERATE_SYMBOLS = YES;
				SWIFT_APPROACHABLE_CONCURRENCY = YES;
				SWIFT_DEFAULT_ACTOR_ISOLATION = MainActor;
				SWIFT_EMIT_LOC_STRINGS = YES;
				SWIFT_UPCOMING_FEATURE_MEMBER_IMPORT_VISIBILITY = YES;
				SWIFT_VERSION = 5.0;
				TARGETED_DEVICE_FAMILY = "1,2";
			};
			name = Release;
		};
		614A7B2E2F7C5389006E878E /* Debug */ = {
			isa = XCBuildConfiguration;
			buildSettings = {
				BUNDLE_LOADER = "$(TEST_HOST)";
				CODE_SIGN_STYLE = Automatic;
				CURRENT_PROJECT_VERSION = 1;
				GENERATE_INFOPLIST_FILE = YES;
				IPHONEOS_DEPLOYMENT_TARGET = 26.0;
				MARKETING_VERSION = 1.0;
				PRODUCT_BUNDLE_IDENTIFIER = river.UniversityMarketplaceTests;
				PRODUCT_NAME = "$(TARGET_NAME)";
				STRING_CATALOG_GENERATE_SYMBOLS = NO;
				SWIFT_APPROACHABLE_CONCURRENCY = YES;
				SWIFT_EMIT_LOC_STRINGS = NO;
				SWIFT_UPCOMING_FEATURE_MEMBER_IMPORT_VISIBILITY = YES;
				SWIFT_VERSION = 5.0;
				TARGETED_DEVICE_FAMILY = "1,2";
				TEST_HOST = "$(BUILT_PRODUCTS_DIR)/UniversityMarketplace.app/$(BUNDLE_EXECUTABLE_FOLDER_PATH)/UniversityMarketplace";
			};
			name = Debug;
		};
		614A7B2F2F7C5389006E878E /* Release */ = {
			isa = XCBuildConfiguration;
			buildSettings = {
				BUNDLE_LOADER = "$(TEST_HOST)";
				CODE_SIGN_STYLE = Automatic;
				CURRENT_PROJECT_VERSION = 1;
				GENERATE_INFOPLIST_FILE = YES;
				IPHONEOS_DEPLOYMENT_TARGET = 26.0;
				MARKETING_VERSION = 1.0;
				PRODUCT_BUNDLE_IDENTIFIER = river.UniversityMarketplaceTests;
				PRODUCT_NAME = "$(TARGET_NAME)";
				STRING_CATALOG_GENERATE_SYMBOLS = NO;
				SWIFT_APPROACHABLE_CONCURRENCY = YES;
				SWIFT_EMIT_LOC_STRINGS = NO;
				SWIFT_UPCOMING_FEATURE_MEMBER_IMPORT_VISIBILITY = YES;
				SWIFT_VERSION = 5.0;
				TARGETED_DEVICE_FAMILY = "1,2";
				TEST_HOST = "$(BUILT_PRODUCTS_DIR)/UniversityMarketplace.app/$(BUNDLE_EXECUTABLE_FOLDER_PATH)/UniversityMarketplace";
			};
			name = Release;
		};
		614A7B312F7C5389006E878E /* Debug */ = {
			isa = XCBuildConfiguration;
			buildSettings = {
				CODE_SIGN_STYLE = Automatic;
				CURRENT_PROJECT_VERSION = 1;
				GENERATE_INFOPLIST_FILE = YES;
				MARKETING_VERSION = 1.0;
				PRODUCT_BUNDLE_IDENTIFIER = river.UniversityMarketplaceUITests;
				PRODUCT_NAME = "$(TARGET_NAME)";
				STRING_CATALOG_GENERATE_SYMBOLS = NO;
				SWIFT_APPROACHABLE_CONCURRENCY = YES;
				SWIFT_EMIT_LOC_STRINGS = NO;
				SWIFT_UPCOMING_FEATURE_MEMBER_IMPORT_VISIBILITY = YES;
				SWIFT_VERSION = 5.0;
				TARGETED_DEVICE_FAMILY = "1,2";
				TEST_TARGET_NAME = UniversityMarketplace;
			};
			name = Debug;
		};
		614A7B322F7C5389006E878E /* Release */ = {
			isa = XCBuildConfiguration;
			buildSettings = {
				CODE_SIGN_STYLE = Automatic;
				CURRENT_PROJECT_VERSION = 1;
				GENERATE_INFOPLIST_FILE = YES;
				MARKETING_VERSION = 1.0;
				PRODUCT_BUNDLE_IDENTIFIER = river.UniversityMarketplaceUITests;
				PRODUCT_NAME = "$(TARGET_NAME)";
				STRING_CATALOG_GENERATE_SYMBOLS = NO;
				SWIFT_APPROACHABLE_CONCURRENCY = YES;
				SWIFT_EMIT_LOC_STRINGS = NO;
				SWIFT_UPCOMING_FEATURE_MEMBER_IMPORT_VISIBILITY = YES;
				SWIFT_VERSION = 5.0;
				TARGETED_DEVICE_FAMILY = "1,2";
				TEST_TARGET_NAME = UniversityMarketplace;
			};
			name = Release;
		};
/* End XCBuildConfiguration section */

/* Begin XCConfigurationList section */
		614A7B042F7C5388006E878E /* Build configuration list for PBXProject "UniversityMarketplace" */ = {
			isa = XCConfigurationList;
			buildConfigurations = (
				614A7B282F7C5389006E878E /* Debug */,
				614A7B292F7C5389006E878E /* Release */,
			);
			defaultConfigurationIsVisible = 0;
			defaultConfigurationName = Release;
		};
		614A7B2A2F7C5389006E878E /* Build configuration list for PBXNativeTarget "UniversityMarketplace" */ = {
			isa = XCConfigurationList;
			buildConfigurations = (
				614A7B2B2F7C5389006E878E /* Debug */,
				614A7B2C2F7C5389006E878E /* Release */,
			);
			defaultConfigurationIsVisible = 0;
			defaultConfigurationName = Release;
		};
		614A7B2D2F7C5389006E878E /* Build configuration list for PBXNativeTarget "UniversityMarketplaceTests" */ = {
			isa = XCConfigurationList;
			buildConfigurations = (
				614A7B2E2F7C5389006E878E /* Debug */,
				614A7B2F2F7C5389006E878E /* Release */,
			);
			defaultConfigurationIsVisible = 0;
			defaultConfigurationName = Release;
		};
		614A7B302F7C5389006E878E /* Build configuration list for PBXNativeTarget "UniversityMarketplaceUITests" */ = {
			isa = XCConfigurationList;
			buildConfigurations = (
				614A7B312F7C5389006E878E /* Debug */,
				614A7B322F7C5389006E878E /* Release */,
			);
			defaultConfigurationIsVisible = 0;
			defaultConfigurationName = Release;
		};
/* End XCConfigurationList section */

/* Begin XCRemoteSwiftPackageReference section */
		618E7CB92F7D632D002A7976 /* XCRemoteSwiftPackageReference "firebase-ios-sdk" */ = {
			isa = XCRemoteSwiftPackageReference;
			repositoryURL = "https://github.com/firebase/firebase-ios-sdk";
			requirement = {
				kind = upToNextMajorVersion;
				minimumVersion = 12.11.0;
			};
		};
		618E7CC02F7D6367002A7976 /* XCRemoteSwiftPackageReference "Kingfisher" */ = {
			isa = XCRemoteSwiftPackageReference;
			repositoryURL = "https://github.com/onevcat/Kingfisher";
			requirement = {
				kind = upToNextMajorVersion;
				minimumVersion = 8.8.0;
			};
		};
/* End XCRemoteSwiftPackageReference section */

/* Begin XCSwiftPackageProductDependency section */
		618E7CBA2F7D632D002A7976 /* FirebaseAuth */ = {
			isa = XCSwiftPackageProductDependency;
			package = 618E7CB92F7D632D002A7976 /* XCRemoteSwiftPackageReference "firebase-ios-sdk" */;
			productName = FirebaseAuth;
		};
		618E7CBC2F7D632D002A7976 /* FirebaseFirestore */ = {
			isa = XCSwiftPackageProductDependency;
			package = 618E7CB92F7D632D002A7976 /* XCRemoteSwiftPackageReference "firebase-ios-sdk" */;
			productName = FirebaseFirestore;
		};
		618E7CBE2F7D632D002A7976 /* FirebaseStorage */ = {
			isa = XCSwiftPackageProductDependency;
			package = 618E7CB92F7D632D002A7976 /* XCRemoteSwiftPackageReference "firebase-ios-sdk" */;
			productName = FirebaseStorage;
		};
		618E7CC12F7D6367002A7976 /* Kingfisher */ = {
			isa = XCSwiftPackageProductDependency;
			package = 618E7CC02F7D6367002A7976 /* XCRemoteSwiftPackageReference "Kingfisher" */;
			productName = Kingfisher;
		};
/* End XCSwiftPackageProductDependency section */
	};
	rootObject = 614A7B012F7C5388006E878E /* Project object */;
}
